
Microsoft Visual Studio Solution File, Format Version 12.00
# Visual Studio Version 17
VisualStudioVersion = 17.0.31717.71
MinimumVisualStudioVersion = 10.0.40219.1
Project("{FAE04EC0-301F-11D3-BF4B-00C04F79EFBC}") = "MainApp", "MainApp\MainApp.csproj", "{33169AE1-4109-4A51-8982-92AC4691ACEC}"
EndProject
Global
	GlobalSection(SolutionConfigurationPlatforms) = preSolution
		Debug|Any CPU = Debug|Any CPU
		Release|Any CPU = Release|Any CPU
	EndGlobalSection
	GlobalSection(ProjectConfigurationPlatforms) = postSolution
		{33169AE1-4109-4A51-8982-92AC4691ACEC}.Debug|Any CPU.ActiveCfg = Debug|Any CPU
		{33169AE1-4109-4A51-8982-92AC4691ACEC}.Debug|Any CPU.Build.0 = Debug|Any CPU
		{33169AE1-4109-4A51-8982-92AC4691ACEC}.Release|Any CPU.ActiveCfg = Release|Any CPU
		{33169AE1-4109-4A51-8982-92AC4691ACEC}.Release|Any CPU.Build.0 = Release|Any CPU
	EndGlobalSection
	GlobalSection(SolutionProperties) = preSolution
		HideSolutionNode = FALSE
	EndGlobalSection
	GlobalSection(ExtensibilityGlobals) = postSolution
		SolutionGuid = {347B3405-E6ED-4340-90C4-40C1A631F2BA}
	EndGlobalSection
EndGlobal
