
Microsoft Visual Studio Solution File, Format Version 12.00
# Visual Studio Version 17
VisualStudioVersion = 17.0.32014.148
MinimumVisualStudioVersion = 10.0.40219.1
Project("{FAE04EC0-301F-11D3-BF4B-00C04F79EFBC}") = "App", "App\App.csproj", "{B806CE42-93B8-4487-9302-84BCD2678E2A}"
EndProject
Global
	GlobalSection(SolutionConfigurationPlatforms) = preSolution
		Debug|Any CPU = Debug|Any CPU
		Release|Any CPU = Release|Any CPU
	EndGlobalSection
	GlobalSection(ProjectConfigurationPlatforms) = postSolution
		{B806CE42-93B8-4487-9302-84BCD2678E2A}.Debug|Any CPU.ActiveCfg = Debug|Any CPU
		{B806CE42-93B8-4487-9302-84BCD2678E2A}.Debug|Any CPU.Build.0 = Debug|Any CPU
		{B806CE42-93B8-4487-9302-84BCD2678E2A}.Release|Any CPU.ActiveCfg = Release|Any CPU
		{B806CE42-93B8-4487-9302-84BCD2678E2A}.Release|Any CPU.Build.0 = Release|Any CPU
	EndGlobalSection
	GlobalSection(SolutionProperties) = preSolution
		HideSolutionNode = FALSE
	EndGlobalSection
	GlobalSection(ExtensibilityGlobals) = postSolution
		SolutionGuid = {8AAD3C08-A89D-4925-8DE4-BFB27CF88679}
	EndGlobalSection
EndGlobal
